{
  "name": "geocoordarith",
  "version": "0.0.3",
  "lockfileVersion": 1,
  "requires": true,
  "dependencies": {
    "@types/node": {
      "version": "13.9.2",
      "resolved": "https://registry.npmjs.org/@types/node/-/node-13.9.2.tgz",
      "integrity": "sha512-bnoqK579sAYrQbp73wwglccjJ4sfRdKU7WNEZ5FW4K2U6Kc0/eZ5kvXG0JKsEKFB50zrFmfFt52/cvBbZa7eXg==",
      "dev": true
    },
    "ts-exts": {
      "version": "0.0.4",
      "resolved": "https://registry.npmjs.org/ts-exts/-/ts-exts-0.0.4.tgz",
      "integrity": "sha512-VeRrrpVPMOX57EEvrHHZ6QGCAa3nfYjmEBENCGDCQg86CZCKZ7pdGkXZ7wl0IMSBAbznEHJmE0PVi8PXg7gImw=="
    },
    "typescript": {
      "version": "3.8.3",
      "resolved": "https://registry.npmjs.org/typescript/-/typescript-3.8.3.tgz",
      "integrity": "sha512-MYlEfn5VrLNsgudQTVJeNaQFUAI7DkhnOjdpAp4T+ku1TfQClewlbSuTVHiA+8skNBgaf02TL/kLOvig4y3G8w==",
      "dev": true
    },
    "unitconv": {
      "version": "0.0.5",
      "resolved": "https://registry.npmjs.org/unitconv/-/unitconv-0.0.5.tgz",
      "integrity": "sha512-Ibi6LVwPmdjBRZP0mwazBnUZQjAgCv9ZJYltpVK3ULrUG/go0iGLDvmKB8OBznDU1KsPuKHsYyyfZi5l9OjAjw==",
      "requires": {
        "ts-exts": "0.0.4"
      }
    }
  }
}
